
Microsoft Visual Studio Solution File, Format Version 12.00
# Visual Studio Version 17
VisualStudioVersion = 17.7.34024.191
MinimumVisualStudioVersion = 10.0.40219.1
Project("{8BC9CEB8-8B4A-11D0-8D11-00A0C91BC942}") = "8", "8\8.vcxproj", "{E3796EA6-EAB9-4371-80D2-4CFB76F34C2D}"
EndProject
Global
	GlobalSection(SolutionConfigurationPlatforms) = preSolution
		Debug|x64 = Debug|x64
		Debug|x86 = Debug|x86
		Release|x64 = Release|x64
		Release|x86 = Release|x86
	EndGlobalSection
	GlobalSection(ProjectConfigurationPlatforms) = postSolution
		{E3796EA6-EAB9-4371-80D2-4CFB76F34C2D}.Debug|x64.ActiveCfg = Debug|x64
		{E3796EA6-EAB9-4371-80D2-4CFB76F34C2D}.Debug|x64.Build.0 = Debug|x64
		{E3796EA6-EAB9-4371-80D2-4CFB76F34C2D}.Debug|x86.ActiveCfg = Debug|Win32
		{E3796EA6-EAB9-4371-80D2-4CFB76F34C2D}.Debug|x86.Build.0 = Debug|Win32
		{E3796EA6-EAB9-4371-80D2-4CFB76F34C2D}.Release|x64.ActiveCfg = Release|x64
		{E3796EA6-EAB9-4371-80D2-4CFB76F34C2D}.Release|x64.Build.0 = Release|x64
		{E3796EA6-EAB9-4371-80D2-4CFB76F34C2D}.Release|x86.ActiveCfg = Release|Win32
		{E3796EA6-EAB9-4371-80D2-4CFB76F34C2D}.Release|x86.Build.0 = Release|Win32
	EndGlobalSection
	GlobalSection(SolutionProperties) = preSolution
		HideSolutionNode = FALSE
	EndGlobalSection
	GlobalSection(ExtensibilityGlobals) = postSolution
		SolutionGuid = {38725253-41DA-4C6E-9076-AD4572B5A9EB}
	EndGlobalSection
EndGlobal
