
Microsoft Visual Studio Solution File, Format Version 12.00
# Visual Studio Version 17
VisualStudioVersion = 17.7.34024.191
MinimumVisualStudioVersion = 10.0.40219.1
Project("{8BC9CEB8-8B4A-11D0-8D11-00A0C91BC942}") = "1", "1\1.vcxproj", "{A49E655F-7DA5-43AB-A295-518296A46CBB}"
EndProject
Global
	GlobalSection(SolutionConfigurationPlatforms) = preSolution
		Debug|x64 = Debug|x64
		Debug|x86 = Debug|x86
		Release|x64 = Release|x64
		Release|x86 = Release|x86
	EndGlobalSection
	GlobalSection(ProjectConfigurationPlatforms) = postSolution
		{A49E655F-7DA5-43AB-A295-518296A46CBB}.Debug|x64.ActiveCfg = Debug|x64
		{A49E655F-7DA5-43AB-A295-518296A46CBB}.Debug|x64.Build.0 = Debug|x64
		{A49E655F-7DA5-43AB-A295-518296A46CBB}.Debug|x86.ActiveCfg = Debug|Win32
		{A49E655F-7DA5-43AB-A295-518296A46CBB}.Debug|x86.Build.0 = Debug|Win32
		{A49E655F-7DA5-43AB-A295-518296A46CBB}.Release|x64.ActiveCfg = Release|x64
		{A49E655F-7DA5-43AB-A295-518296A46CBB}.Release|x64.Build.0 = Release|x64
		{A49E655F-7DA5-43AB-A295-518296A46CBB}.Release|x86.ActiveCfg = Release|Win32
		{A49E655F-7DA5-43AB-A295-518296A46CBB}.Release|x86.Build.0 = Release|Win32
	EndGlobalSection
	GlobalSection(SolutionProperties) = preSolution
		HideSolutionNode = FALSE
	EndGlobalSection
	GlobalSection(ExtensibilityGlobals) = postSolution
		SolutionGuid = {3DDC8FA1-B803-4DF7-BC70-0FEE964AD7CC}
	EndGlobalSection
EndGlobal
